
Microsoft Visual Studio Solution File, Format Version 12.00
# Visual Studio Version 17
VisualStudioVersion = 17.0.31903.59
MinimumVisualStudioVersion = 10.0.40219.1
Project("{2150E333-8FDC-42A3-9474-1A3956D46DE8}") = "src", "src", "{827E0CD3-B72D-47B6-A68D-7590B98EB39B}"
EndProject
Project("{FAE04EC0-301F-11D3-BF4B-00C04F79EFBC}") = "Ergo.IAM.Core", "src\Ergo.IAM.Core\Ergo.IAM.Core.csproj", "{BFEE3E52-7B3C-4E9A-8006-1D9278CCFB37}"
EndProject
Project("{FAE04EC0-301F-11D3-BF4B-00C04F79EFBC}") = "Ergo.IAM.Infrastructure", "src\Ergo.IAM.Infrastructure\Ergo.IAM.Infrastructure.csproj", "{0EEFD43B-8317-4144-B49C-82F3FB9F3CD2}"
EndProject
Project("{FAE04EC0-301F-11D3-BF4B-00C04F79EFBC}") = "Ergo.IAM.Api", "src\Ergo.IAM.Api\Ergo.IAM.Api.csproj", "{4949BC79-3A17-47F8-BF67-FCBA15086E55}"
EndProject
Global
	GlobalSection(SolutionConfigurationPlatforms) = preSolution
		Debug|Any CPU = Debug|Any CPU
		Debug|x64 = Debug|x64
		Debug|x86 = Debug|x86
		Release|Any CPU = Release|Any CPU
		Release|x64 = Release|x64
		Release|x86 = Release|x86
	EndGlobalSection
	GlobalSection(ProjectConfigurationPlatforms) = postSolution
		{BFEE3E52-7B3C-4E9A-8006-1D9278CCFB37}.Debug|Any CPU.ActiveCfg = Debug|Any CPU
		{BFEE3E52-7B3C-4E9A-8006-1D9278CCFB37}.Debug|Any CPU.Build.0 = Debug|Any CPU
		{BFEE3E52-7B3C-4E9A-8006-1D9278CCFB37}.Debug|x64.ActiveCfg = Debug|Any CPU
		{BFEE3E52-7B3C-4E9A-8006-1D9278CCFB37}.Debug|x64.Build.0 = Debug|Any CPU
		{BFEE3E52-7B3C-4E9A-8006-1D9278CCFB37}.Debug|x86.ActiveCfg = Debug|Any CPU
		{BFEE3E52-7B3C-4E9A-8006-1D9278CCFB37}.Debug|x86.Build.0 = Debug|Any CPU
		{BFEE3E52-7B3C-4E9A-8006-1D9278CCFB37}.Release|Any CPU.ActiveCfg = Release|Any CPU
		{BFEE3E52-7B3C-4E9A-8006-1D9278CCFB37}.Release|Any CPU.Build.0 = Release|Any CPU
		{BFEE3E52-7B3C-4E9A-8006-1D9278CCFB37}.Release|x64.ActiveCfg = Release|Any CPU
		{BFEE3E52-7B3C-4E9A-8006-1D9278CCFB37}.Release|x64.Build.0 = Release|Any CPU
		{BFEE3E52-7B3C-4E9A-8006-1D9278CCFB37}.Release|x86.ActiveCfg = Release|Any CPU
		{BFEE3E52-7B3C-4E9A-8006-1D9278CCFB37}.Release|x86.Build.0 = Release|Any CPU
		{0EEFD43B-8317-4144-B49C-82F3FB9F3CD2}.Debug|Any CPU.ActiveCfg = Debug|Any CPU
		{0EEFD43B-8317-4144-B49C-82F3FB9F3CD2}.Debug|Any CPU.Build.0 = Debug|Any CPU
		{0EEFD43B-8317-4144-B49C-82F3FB9F3CD2}.Debug|x64.ActiveCfg = Debug|Any CPU
		{0EEFD43B-8317-4144-B49C-82F3FB9F3CD2}.Debug|x64.Build.0 = Debug|Any CPU
		{0EEFD43B-8317-4144-B49C-82F3FB9F3CD2}.Debug|x86.ActiveCfg = Debug|Any CPU
		{0EEFD43B-8317-4144-B49C-82F3FB9F3CD2}.Debug|x86.Build.0 = Debug|Any CPU
		{0EEFD43B-8317-4144-B49C-82F3FB9F3CD2}.Release|Any CPU.ActiveCfg = Release|Any CPU
		{0EEFD43B-8317-4144-B49C-82F3FB9F3CD2}.Release|Any CPU.Build.0 = Release|Any CPU
		{0EEFD43B-8317-4144-B49C-82F3FB9F3CD2}.Release|x64.ActiveCfg = Release|Any CPU
		{0EEFD43B-8317-4144-B49C-82F3FB9F3CD2}.Release|x64.Build.0 = Release|Any CPU
		{0EEFD43B-8317-4144-B49C-82F3FB9F3CD2}.Release|x86.ActiveCfg = Release|Any CPU
		{0EEFD43B-8317-4144-B49C-82F3FB9F3CD2}.Release|x86.Build.0 = Release|Any CPU
		{4949BC79-3A17-47F8-BF67-FCBA15086E55}.Debug|Any CPU.ActiveCfg = Debug|Any CPU
		{4949BC79-3A17-47F8-BF67-FCBA15086E55}.Debug|Any CPU.Build.0 = Debug|Any CPU
		{4949BC79-3A17-47F8-BF67-FCBA15086E55}.Debug|x64.ActiveCfg = Debug|Any CPU
		{4949BC79-3A17-47F8-BF67-FCBA15086E55}.Debug|x64.Build.0 = Debug|Any CPU
		{4949BC79-3A17-47F8-BF67-FCBA15086E55}.Debug|x86.ActiveCfg = Debug|Any CPU
		{4949BC79-3A17-47F8-BF67-FCBA15086E55}.Debug|x86.Build.0 = Debug|Any CPU
		{4949BC79-3A17-47F8-BF67-FCBA15086E55}.Release|Any CPU.ActiveCfg = Release|Any CPU
		{4949BC79-3A17-47F8-BF67-FCBA15086E55}.Release|Any CPU.Build.0 = Release|Any CPU
		{4949BC79-3A17-47F8-BF67-FCBA15086E55}.Release|x64.ActiveCfg = Release|Any CPU
		{4949BC79-3A17-47F8-BF67-FCBA15086E55}.Release|x64.Build.0 = Release|Any CPU
		{4949BC79-3A17-47F8-BF67-FCBA15086E55}.Release|x86.ActiveCfg = Release|Any CPU
		{4949BC79-3A17-47F8-BF67-FCBA15086E55}.Release|x86.Build.0 = Release|Any CPU
	EndGlobalSection
	GlobalSection(SolutionProperties) = preSolution
		HideSolutionNode = FALSE
	EndGlobalSection
	GlobalSection(NestedProjects) = preSolution
		{BFEE3E52-7B3C-4E9A-8006-1D9278CCFB37} = {827E0CD3-B72D-47B6-A68D-7590B98EB39B}
		{0EEFD43B-8317-4144-B49C-82F3FB9F3CD2} = {827E0CD3-B72D-47B6-A68D-7590B98EB39B}
		{4949BC79-3A17-47F8-BF67-FCBA15086E55} = {827E0CD3-B72D-47B6-A68D-7590B98EB39B}
	EndGlobalSection
EndGlobal
